
Microsoft Visual Studio Solution File, Format Version 12.00
# Visual Studio Version 17
VisualStudioVersion = 17.9.34310.174
MinimumVisualStudioVersion = 10.0.40219.1
Project("{FAE04EC0-301F-11D3-BF4B-00C04F79EFBC}") = "Customer User", "Customer User.csproj", "{7A96406A-C27C-463C-A5A9-B3B283981DD1}"
EndProject
Global
	GlobalSection(SolutionConfigurationPlatforms) = preSolution
		Debug|Any CPU = Debug|Any CPU
		Release|Any CPU = Release|Any CPU
	EndGlobalSection
	GlobalSection(ProjectConfigurationPlatforms) = postSolution
		{7A96406A-C27C-463C-A5A9-B3B283981DD1}.Debug|Any CPU.ActiveCfg = Debug|Any CPU
		{7A96406A-C27C-463C-A5A9-B3B283981DD1}.Debug|Any CPU.Build.0 = Debug|Any CPU
		{7A96406A-C27C-463C-A5A9-B3B283981DD1}.Release|Any CPU.ActiveCfg = Release|Any CPU
		{7A96406A-C27C-463C-A5A9-B3B283981DD1}.Release|Any CPU.Build.0 = Release|Any CPU
	EndGlobalSection
	GlobalSection(SolutionProperties) = preSolution
		HideSolutionNode = FALSE
	EndGlobalSection
	GlobalSection(ExtensibilityGlobals) = postSolution
		SolutionGuid = {90ABF744-B5CB-4E3C-AA48-942F4A1A9B9A}
	EndGlobalSection
EndGlobal
